Microsoft Visual Studio Solution File, Format Version 12.00
# Visual Studio Version 17
VisualStudioVersion = 17.5.2.0
MinimumVisualStudioVersion = 10.0.40219.1
Project("{FAE04EC0-301F-11D3-BF4B-00C04F79EFBC}") = "Exp7Validation", "Exp7Validation.csproj", "{F4530D00-67D3-AE74-7706-855E699ACF15}"
EndProject
Global
	GlobalSection(SolutionConfigurationPlatforms) = preSolution
		Debug|Any CPU = Debug|Any CPU
		Release|Any CPU = Release|Any CPU
	EndGlobalSection
	GlobalSection(ProjectConfigurationPlatforms) = postSolution
		{F4530D00-67D3-AE74-7706-855E699ACF15}.Debug|Any CPU.ActiveCfg = Debug|Any CPU
		{F4530D00-67D3-AE74-7706-855E699ACF15}.Debug|Any CPU.Build.0 = Debug|Any CPU
		{F4530D00-67D3-AE74-7706-855E699ACF15}.Release|Any CPU.ActiveCfg = Release|Any CPU
		{F4530D00-67D3-AE74-7706-855E699ACF15}.Release|Any CPU.Build.0 = Release|Any CPU
	EndGlobalSection
	GlobalSection(SolutionProperties) = preSolution
		HideSolutionNode = FALSE
	EndGlobalSection
	GlobalSection(ExtensibilityGlobals) = postSolution
		SolutionGuid = {DC63E9B9-551F-42CD-A389-8329DDD5B43C}
	EndGlobalSection
EndGlobal
